
Microsoft Visual Studio Solution File, Format Version 12.00
# Visual Studio Version 16
VisualStudioVersion = 16.0.30907.101
MinimumVisualStudioVersion = 10.0.40219.1
Project("{2150E333-8FDC-42A3-9474-1A3956D46DE8}") = "src", "src", "{CD0D271B-AEAC-4AE6-A566-48917FBC2C3C}"
EndProject
Project("{9A19103F-16F7-4668-BE54-9A1E7A4F7556}") = "Web.Api", "src\Web.Api\Web.Api.csproj", "{C566B2E6-2622-48BE-AC76-7FBF12E63FC3}"
EndProject
Project("{9A19103F-16F7-4668-BE54-9A1E7A4F7556}") = "Web.Framework", "src\Web.Framework\Web.Framework.csproj", "{7C83F460-D163-4B5F-B843-0CB95424A572}"
EndProject
Project("{9A19103F-16F7-4668-BE54-9A1E7A4F7556}") = "Core.Application", "src\Core.Application\Core.Application.csproj", "{1E9AE91A-9E08-4E92-AB8E-24754026BB27}"
EndProject
Project("{9A19103F-16F7-4668-BE54-9A1E7A4F7556}") = "Core.Application.Contracts", "src\Core.Application.Contracts\Core.Application.Contracts.csproj", "{49513483-B173-459A-8ABD-5C366E17C9E8}"
EndProject
Project("{9A19103F-16F7-4668-BE54-9A1E7A4F7556}") = "Core.Domain.Persistence", "src\Core.Domain.Persistence\Core.Domain.Persistence.csproj", "{3B6DD761-B001-4B5E-887D-E95265849191}"
EndProject
Project("{9A19103F-16F7-4668-BE54-9A1E7A4F7556}") = "Infrastructure.Persistence", "src\Infrastructure.Persistence\Infrastructure.Persistence.csproj", "{14E29671-2981-4AE7-8A40-D15503A77DAC}"
EndProject
Project("{9A19103F-16F7-4668-BE54-9A1E7A4F7556}") = "Infrastructure.RabbitMq", "src\Infrastructure.RabbitMq\Infrastructure.RabbitMq.csproj", "{1B21EDEE-E7E9-4365-A33F-BB25E7B7DB63}"
EndProject
Project("{9A19103F-16F7-4668-BE54-9A1E7A4F7556}") = "Core.Domain.RabbitMq", "src\Core.Domain.RabbitMq\Core.Domain.RabbitMq.csproj", "{9BDE89BD-7F67-4546-8864-550E8A55DBCD}"
EndProject
Project("{9A19103F-16F7-4668-BE54-9A1E7A4F7556}") = "Infrastructure.Shared", "src\Infrastructure.Shared\Infrastructure.Shared.csproj", "{8A50EE6A-8FE0-46A8-A907-6A4882E7DA6A}"
EndProject
Project("{9A19103F-16F7-4668-BE54-9A1E7A4F7556}") = "Core.Domain.Shared", "src\Core.Domain.Shared\Core.Domain.Shared.csproj", "{82097B01-1C46-451F-A685-6621818139BA}"
EndProject
Project("{2150E333-8FDC-42A3-9474-1A3956D46DE8}") = "presentation", "presentation", "{7117A383-8AB1-4FCF-AAC2-23ADDDEA6AF1}"
EndProject
Project("{2150E333-8FDC-42A3-9474-1A3956D46DE8}") = "infrastructure", "infrastructure", "{D6FD90AE-8BA6-49E7-BB1E-13BAA63C7CC8}"
EndProject
Project("{2150E333-8FDC-42A3-9474-1A3956D46DE8}") = "core", "core", "{BD72F292-4B45-4DF1-AB8A-C47EBC102536}"
EndProject
Global
	GlobalSection(SolutionConfigurationPlatforms) = preSolution
		Debug|Any CPU = Debug|Any CPU
		Release|Any CPU = Release|Any CPU
	EndGlobalSection
	GlobalSection(ProjectConfigurationPlatforms) = postSolution
		{C566B2E6-2622-48BE-AC76-7FBF12E63FC3}.Debug|Any CPU.ActiveCfg = Debug|Any CPU
		{C566B2E6-2622-48BE-AC76-7FBF12E63FC3}.Debug|Any CPU.Build.0 = Debug|Any CPU
		{C566B2E6-2622-48BE-AC76-7FBF12E63FC3}.Release|Any CPU.ActiveCfg = Release|Any CPU
		{C566B2E6-2622-48BE-AC76-7FBF12E63FC3}.Release|Any CPU.Build.0 = Release|Any CPU
		{7C83F460-D163-4B5F-B843-0CB95424A572}.Debug|Any CPU.ActiveCfg = Debug|Any CPU
		{7C83F460-D163-4B5F-B843-0CB95424A572}.Debug|Any CPU.Build.0 = Debug|Any CPU
		{7C83F460-D163-4B5F-B843-0CB95424A572}.Release|Any CPU.ActiveCfg = Release|Any CPU
		{7C83F460-D163-4B5F-B843-0CB95424A572}.Release|Any CPU.Build.0 = Release|Any CPU
		{1E9AE91A-9E08-4E92-AB8E-24754026BB27}.Debug|Any CPU.ActiveCfg = Debug|Any CPU
		{1E9AE91A-9E08-4E92-AB8E-24754026BB27}.Debug|Any CPU.Build.0 = Debug|Any CPU
		{1E9AE91A-9E08-4E92-AB8E-24754026BB27}.Release|Any CPU.ActiveCfg = Release|Any CPU
		{1E9AE91A-9E08-4E92-AB8E-24754026BB27}.Release|Any CPU.Build.0 = Release|Any CPU
		{49513483-B173-459A-8ABD-5C366E17C9E8}.Debug|Any CPU.ActiveCfg = Debug|Any CPU
		{49513483-B173-459A-8ABD-5C366E17C9E8}.Debug|Any CPU.Build.0 = Debug|Any CPU
		{49513483-B173-459A-8ABD-5C366E17C9E8}.Release|Any CPU.ActiveCfg = Release|Any CPU
		{49513483-B173-459A-8ABD-5C366E17C9E8}.Release|Any CPU.Build.0 = Release|Any CPU
		{3B6DD761-B001-4B5E-887D-E95265849191}.Debug|Any CPU.ActiveCfg = Debug|Any CPU
		{3B6DD761-B001-4B5E-887D-E95265849191}.Debug|Any CPU.Build.0 = Debug|Any CPU
		{3B6DD761-B001-4B5E-887D-E95265849191}.Release|Any CPU.ActiveCfg = Release|Any CPU
		{3B6DD761-B001-4B5E-887D-E95265849191}.Release|Any CPU.Build.0 = Release|Any CPU
		{14E29671-2981-4AE7-8A40-D15503A77DAC}.Debug|Any CPU.ActiveCfg = Debug|Any CPU
		{14E29671-2981-4AE7-8A40-D15503A77DAC}.Debug|Any CPU.Build.0 = Debug|Any CPU
		{14E29671-2981-4AE7-8A40-D15503A77DAC}.Release|Any CPU.ActiveCfg = Release|Any CPU
		{14E29671-2981-4AE7-8A40-D15503A77DAC}.Release|Any CPU.Build.0 = Release|Any CPU
		{1B21EDEE-E7E9-4365-A33F-BB25E7B7DB63}.Debug|Any CPU.ActiveCfg = Debug|Any CPU
		{1B21EDEE-E7E9-4365-A33F-BB25E7B7DB63}.Debug|Any CPU.Build.0 = Debug|Any CPU
		{1B21EDEE-E7E9-4365-A33F-BB25E7B7DB63}.Release|Any CPU.ActiveCfg = Release|Any CPU
		{1B21EDEE-E7E9-4365-A33F-BB25E7B7DB63}.Release|Any CPU.Build.0 = Release|Any CPU
		{9BDE89BD-7F67-4546-8864-550E8A55DBCD}.Debug|Any CPU.ActiveCfg = Debug|Any CPU
		{9BDE89BD-7F67-4546-8864-550E8A55DBCD}.Debug|Any CPU.Build.0 = Debug|Any CPU
		{9BDE89BD-7F67-4546-8864-550E8A55DBCD}.Release|Any CPU.ActiveCfg = Release|Any CPU
		{9BDE89BD-7F67-4546-8864-550E8A55DBCD}.Release|Any CPU.Build.0 = Release|Any CPU
		{8A50EE6A-8FE0-46A8-A907-6A4882E7DA6A}.Debug|Any CPU.ActiveCfg = Debug|Any CPU
		{8A50EE6A-8FE0-46A8-A907-6A4882E7DA6A}.Debug|Any CPU.Build.0 = Debug|Any CPU
		{8A50EE6A-8FE0-46A8-A907-6A4882E7DA6A}.Release|Any CPU.ActiveCfg = Release|Any CPU
		{8A50EE6A-8FE0-46A8-A907-6A4882E7DA6A}.Release|Any CPU.Build.0 = Release|Any CPU
		{82097B01-1C46-451F-A685-6621818139BA}.Debug|Any CPU.ActiveCfg = Debug|Any CPU
		{82097B01-1C46-451F-A685-6621818139BA}.Debug|Any CPU.Build.0 = Debug|Any CPU
		{82097B01-1C46-451F-A685-6621818139BA}.Release|Any CPU.ActiveCfg = Release|Any CPU
		{82097B01-1C46-451F-A685-6621818139BA}.Release|Any CPU.Build.0 = Release|Any CPU
	EndGlobalSection
	GlobalSection(SolutionProperties) = preSolution
		HideSolutionNode = FALSE
	EndGlobalSection
	GlobalSection(NestedProjects) = preSolution
		{C566B2E6-2622-48BE-AC76-7FBF12E63FC3} = {7117A383-8AB1-4FCF-AAC2-23ADDDEA6AF1}
		{7C83F460-D163-4B5F-B843-0CB95424A572} = {7117A383-8AB1-4FCF-AAC2-23ADDDEA6AF1}
		{1E9AE91A-9E08-4E92-AB8E-24754026BB27} = {BD72F292-4B45-4DF1-AB8A-C47EBC102536}
		{49513483-B173-459A-8ABD-5C366E17C9E8} = {BD72F292-4B45-4DF1-AB8A-C47EBC102536}
		{3B6DD761-B001-4B5E-887D-E95265849191} = {BD72F292-4B45-4DF1-AB8A-C47EBC102536}
		{14E29671-2981-4AE7-8A40-D15503A77DAC} = {D6FD90AE-8BA6-49E7-BB1E-13BAA63C7CC8}
		{1B21EDEE-E7E9-4365-A33F-BB25E7B7DB63} = {D6FD90AE-8BA6-49E7-BB1E-13BAA63C7CC8}
		{9BDE89BD-7F67-4546-8864-550E8A55DBCD} = {BD72F292-4B45-4DF1-AB8A-C47EBC102536}
		{8A50EE6A-8FE0-46A8-A907-6A4882E7DA6A} = {D6FD90AE-8BA6-49E7-BB1E-13BAA63C7CC8}
		{82097B01-1C46-451F-A685-6621818139BA} = {BD72F292-4B45-4DF1-AB8A-C47EBC102536}
		{7117A383-8AB1-4FCF-AAC2-23ADDDEA6AF1} = {CD0D271B-AEAC-4AE6-A566-48917FBC2C3C}
		{D6FD90AE-8BA6-49E7-BB1E-13BAA63C7CC8} = {CD0D271B-AEAC-4AE6-A566-48917FBC2C3C}
		{BD72F292-4B45-4DF1-AB8A-C47EBC102536} = {CD0D271B-AEAC-4AE6-A566-48917FBC2C3C}
	EndGlobalSection
	GlobalSection(ExtensibilityGlobals) = postSolution
		SolutionGuid = {3FF0776D-938D-47F6-9AD7-B466C7CD9686}
	EndGlobalSection
EndGlobal
